
Microsoft Visual Studio Solution File, Format Version 12.00
# Visual Studio Version 17
VisualStudioVersion = 17.6.33815.320
MinimumVisualStudioVersion = 10.0.40219.1
Project("{FAE04EC0-301F-11D3-BF4B-00C04F79EFBC}") = "DancingProgressBars", "DancingProgressBars.csproj", "{C82A4B52-EAF6-4A1E-BF10-825B403C723F}"
EndProject
Global
	GlobalSection(SolutionConfigurationPlatforms) = preSolution
		Debug|Any CPU = Debug|Any CPU
		Release|Any CPU = Release|Any CPU
	EndGlobalSection
	GlobalSection(ProjectConfigurationPlatforms) = postSolution
		{C82A4B52-EAF6-4A1E-BF10-825B403C723F}.Debug|Any CPU.ActiveCfg = Debug|Any CPU
		{C82A4B52-EAF6-4A1E-BF10-825B403C723F}.Debug|Any CPU.Build.0 = Debug|Any CPU
		{C82A4B52-EAF6-4A1E-BF10-825B403C723F}.Release|Any CPU.ActiveCfg = Release|Any CPU
		{C82A4B52-EAF6-4A1E-BF10-825B403C723F}.Release|Any CPU.Build.0 = Release|Any CPU
	EndGlobalSection
	GlobalSection(SolutionProperties) = preSolution
		HideSolutionNode = FALSE
	EndGlobalSection
	GlobalSection(ExtensibilityGlobals) = postSolution
		SolutionGuid = {700EC283-0522-4AA5-9E2E-D45969269301}
	EndGlobalSection
EndGlobal
